
Microsoft Visual Studio Solution File, Format Version 12.00
# Visual Studio Version 16
VisualStudioVersion = 16.0.30907.101
MinimumVisualStudioVersion = 10.0.40219.1
Project("{FAE04EC0-301F-11D3-BF4B-00C04F79EFBC}") = "MyFirstProject", "MyFirstProject.csproj", "{BE309093-73E3-42EB-926E-E7372B290458}"
EndProject
Global
	GlobalSection(SolutionConfigurationPlatforms) = preSolution
		Debug|Any CPU = Debug|Any CPU
		Release|Any CPU = Release|Any CPU
	EndGlobalSection
	GlobalSection(ProjectConfigurationPlatforms) = postSolution
		{BE309093-73E3-42EB-926E-E7372B290458}.Debug|Any CPU.ActiveCfg = Debug|Any CPU
		{BE309093-73E3-42EB-926E-E7372B290458}.Debug|Any CPU.Build.0 = Debug|Any CPU
		{BE309093-73E3-42EB-926E-E7372B290458}.Release|Any CPU.ActiveCfg = Release|Any CPU
		{BE309093-73E3-42EB-926E-E7372B290458}.Release|Any CPU.Build.0 = Release|Any CPU
	EndGlobalSection
	GlobalSection(SolutionProperties) = preSolution
		HideSolutionNode = FALSE
	EndGlobalSection
	GlobalSection(ExtensibilityGlobals) = postSolution
		SolutionGuid = {2021F7BB-689A-477A-9069-998BC2177E4D}
	EndGlobalSection
EndGlobal
